
Microsoft Visual Studio Solution File, Format Version 12.00
# Visual Studio Version 17
VisualStudioVersion = 17.9.34723.18
MinimumVisualStudioVersion = 10.0.40219.1
Project("{FAE04EC0-301F-11D3-BF4B-00C04F79EFBC}") = "CRUDInformatica", "CRUDInformatica\CRUDInformatica.csproj", "{CCCBF3A0-42D3-421E-BC5E-EB1D7C1EEA7C}"
EndProject
Global
	GlobalSection(SolutionConfigurationPlatforms) = preSolution
		Debug|Any CPU = Debug|Any CPU
		Release|Any CPU = Release|Any CPU
	EndGlobalSection
	GlobalSection(ProjectConfigurationPlatforms) = postSolution
		{CCCBF3A0-42D3-421E-BC5E-EB1D7C1EEA7C}.Debug|Any CPU.ActiveCfg = Debug|Any CPU
		{CCCBF3A0-42D3-421E-BC5E-EB1D7C1EEA7C}.Debug|Any CPU.Build.0 = Debug|Any CPU
		{CCCBF3A0-42D3-421E-BC5E-EB1D7C1EEA7C}.Release|Any CPU.ActiveCfg = Release|Any CPU
		{CCCBF3A0-42D3-421E-BC5E-EB1D7C1EEA7C}.Release|Any CPU.Build.0 = Release|Any CPU
	EndGlobalSection
	GlobalSection(SolutionProperties) = preSolution
		HideSolutionNode = FALSE
	EndGlobalSection
	GlobalSection(ExtensibilityGlobals) = postSolution
		SolutionGuid = {03D15648-55A4-4B2E-851F-6EBF196D7823}
	EndGlobalSection
EndGlobal
